
Microsoft Visual Studio Solution File, Format Version 12.00
# Visual Studio Version 17
VisualStudioVersion = 17.13.35825.156
MinimumVisualStudioVersion = 10.0.40219.1
Project("{FAE04EC0-301F-11D3-BF4B-00C04F79EFBC}") = "ChessLogic", "ChessLogic\ChessLogic.csproj", "{04E11D45-E356-4932-AB9D-A3383A713957}"
EndProject
Project("{FAE04EC0-301F-11D3-BF4B-00C04F79EFBC}") = "ChessUI", "ChessUI\ChessUI.csproj", "{387F11E1-3538-4FE3-B184-FF980BA9A0E4}"
	ProjectSection(ProjectDependencies) = postProject
		{04E11D45-E356-4932-AB9D-A3383A713957} = {04E11D45-E356-4932-AB9D-A3383A713957}
	EndProjectSection
EndProject
Global
	GlobalSection(SolutionConfigurationPlatforms) = preSolution
		Debug|Any CPU = Debug|Any CPU
		Release|Any CPU = Release|Any CPU
	EndGlobalSection
	GlobalSection(ProjectConfigurationPlatforms) = postSolution
		{04E11D45-E356-4932-AB9D-A3383A713957}.Debug|Any CPU.ActiveCfg = Debug|Any CPU
		{04E11D45-E356-4932-AB9D-A3383A713957}.Debug|Any CPU.Build.0 = Debug|Any CPU
		{04E11D45-E356-4932-AB9D-A3383A713957}.Release|Any CPU.ActiveCfg = Release|Any CPU
		{04E11D45-E356-4932-AB9D-A3383A713957}.Release|Any CPU.Build.0 = Release|Any CPU
		{387F11E1-3538-4FE3-B184-FF980BA9A0E4}.Debug|Any CPU.ActiveCfg = Debug|Any CPU
		{387F11E1-3538-4FE3-B184-FF980BA9A0E4}.Debug|Any CPU.Build.0 = Debug|Any CPU
		{387F11E1-3538-4FE3-B184-FF980BA9A0E4}.Release|Any CPU.ActiveCfg = Release|Any CPU
		{387F11E1-3538-4FE3-B184-FF980BA9A0E4}.Release|Any CPU.Build.0 = Release|Any CPU
	EndGlobalSection
	GlobalSection(SolutionProperties) = preSolution
		HideSolutionNode = FALSE
	EndGlobalSection
	GlobalSection(ExtensibilityGlobals) = postSolution
		SolutionGuid = {E0AFF72B-F757-4A8C-A5F9-CE9CE3F171A7}
	EndGlobalSection
EndGlobal
